// !$*UTF8*$!
{
	archiveVersion = 1;
	classes = {
	};
	objectVersion = 56;
	objects = {

/* Begin PBXBuildFile section */
		0401BD0629365FFE003F1CEF /* AppDelegate.swift in Sources */ = {isa = PBXBuildFile; fileRef = 0401BD0529365FFE003F1CEF /* AppDelegate.swift */; };
		0401BD0829365FFE003F1CEF /* SceneDelegate.swift in Sources */ = {isa = PBXBuildFile; fileRef = 0401BD0729365FFE003F1CEF /* SceneDelegate.swift */; };
		0401BD0A29365FFE003F1CEF /* ViewController.swift in Sources */ = {isa = PBXBuildFile; fileRef = 0401BD0929365FFE003F1CEF /* ViewController.swift */; };
		0401BD0D29365FFE003F1CEF /* Main.storyboard in Resources */ = {isa = PBXBuildFile; fileRef = 0401BD0B29365FFE003F1CEF /* Main.storyboard */; };
		0401BD0F29366000003F1CEF /* Assets.xcassets in Resources */ = {isa = PBXBuildFile; fileRef = 0401BD0E29366000003F1CEF /* Assets.xcassets */; };
		0401BD1229366000003F1CEF /* LaunchScreen.storyboard in Resources */ = {isa = PBXBuildFile; fileRef = 0401BD1029366000003F1CEF /* LaunchScreen.storyboard */; };
		045266642948E89F00ECC4B7 /* SettingTableViewController.swift in Sources */ = {isa = PBXBuildFile; fileRef = 045266632948E89F00ECC4B7 /* SettingTableViewController.swift */; };
		0452666C294B4E3500ECC4B7 /* AddDiaryViewController.swift in Sources */ = {isa = PBXBuildFile; fileRef = 0452666B294B4E3500ECC4B7 /* AddDiaryViewController.swift */; };
		04B9F9F029645CB00043BC1C /* DiaryTableViewController.swift in Sources */ = {isa = PBXBuildFile; fileRef = 04B9F9EF29645CB00043BC1C /* DiaryTableViewController.swift */; };
		04C0D08D2950BA71001F1CD7 /* DiaryHomeViewController.swift in Sources */ = {isa = PBXBuildFile; fileRef = 04C0D08C2950BA71001F1CD7 /* DiaryHomeViewController.swift */; };
		04C0D08F2950BA85001F1CD7 /* StockRecordViewController.swift in Sources */ = {isa = PBXBuildFile; fileRef = 04C0D08E2950BA85001F1CD7 /* StockRecordViewController.swift */; };
		04C0D0912952F8EC001F1CD7 /* record.swift in Sources */ = {isa = PBXBuildFile; fileRef = 04C0D0902952F8EC001F1CD7 /* record.swift */; };
		04D1617B296598F100EB9BC9 /* AddRecordTableViewController.swift in Sources */ = {isa = PBXBuildFile; fileRef = 04D1617A296598F000EB9BC9 /* AddRecordTableViewController.swift */; };
		04D1617D2965A1D000EB9BC9 /* RecordTableViewCell.swift in Sources */ = {isa = PBXBuildFile; fileRef = 04D1617C2965A1D000EB9BC9 /* RecordTableViewCell.swift */; };
		04D161802966F85800EB9BC9 /* AddDiaryTableViewController.swift in Sources */ = {isa = PBXBuildFile; fileRef = 04D1617F2966F85800EB9BC9 /* AddDiaryTableViewController.swift */; };
		04DA62282940C0CB00CA5B77 /* GoogleService-Info.plist in Resources */ = {isa = PBXBuildFile; fileRef = 04DA62272940C0CA00CA5B77 /* GoogleService-Info.plist */; };
		04DA622C2940D75300CA5B77 /* FirebaseAnalytics in Frameworks */ = {isa = PBXBuildFile; productRef = 04DA622B2940D75300CA5B77 /* FirebaseAnalytics */; };
		04DA622E2940D75300CA5B77 /* FirebaseAuth in Frameworks */ = {isa = PBXBuildFile; productRef = 04DA622D2940D75300CA5B77 /* FirebaseAuth */; };
		04DA62302940D75300CA5B77 /* FirebaseFirestoreSwift in Frameworks */ = {isa = PBXBuildFile; productRef = 04DA622F2940D75300CA5B77 /* FirebaseFirestoreSwift */; };
		04DA62322940D75300CA5B77 /* FirebaseStorage in Frameworks */ = {isa = PBXBuildFile; productRef = 04DA62312940D75300CA5B77 /* FirebaseStorage */; };
		04DA62342940E2B800CA5B77 /* CalendarViewController.swift in Sources */ = {isa = PBXBuildFile; fileRef = 04DA62332940E2B800CA5B77 /* CalendarViewController.swift */; };
		04DA62372940E32000CA5B77 /* FSCalendar in Frameworks */ = {isa = PBXBuildFile; productRef = 04DA62362940E32000CA5B77 /* FSCalendar */; };
		04DEB4FE2948CBAA00F5202E /* LoginViewController.swift in Sources */ = {isa = PBXBuildFile; fileRef = 04DEB4FD2948CBAA00F5202E /* LoginViewController.swift */; };
/* End PBXBuildFile section */

/* Begin PBXFileReference section */
		0401BD0229365FFE003F1CEF /* Trading Diary.app */ = {isa = PBXFileReference; explicitFileType = wrapper.application; includeInIndex = 0; path = "Trading Diary.app"; sourceTree = BUILT_PRODUCTS_DIR; };
		0401BD0529365FFE003F1CEF /* AppDelegate.swift */ = {isa = PBXFileReference; lastKnownFileType = sourcecode.swift; path = AppDelegate.swift; sourceTree = "<group>"; };
		0401BD0729365FFE003F1CEF /* SceneDelegate.swift */ = {isa = PBXFileReference; lastKnownFileType = sourcecode.swift; path = SceneDelegate.swift; sourceTree = "<group>"; };
		0401BD0929365FFE003F1CEF /* ViewController.swift */ = {isa = PBXFileReference; lastKnownFileType = sourcecode.swift; path = ViewController.swift; sourceTree = "<group>"; };
		0401BD0C29365FFE003F1CEF /* Base */ = {isa = PBXFileReference; lastKnownFileType = file.storyboard; name = Base; path = Base.lproj/Main.storyboard; sourceTree = "<group>"; };
		0401BD0E29366000003F1CEF /* Assets.xcassets */ = {isa = PBXFileReference; lastKnownFileType = folder.assetcatalog; path = Assets.xcassets; sourceTree = "<group>"; };
		0401BD1129366000003F1CEF /* Base */ = {isa = PBXFileReference; lastKnownFileType = file.storyboard; name = Base; path = Base.lproj/LaunchScreen.storyboard; sourceTree = "<group>"; };
		0401BD1329366000003F1CEF /* Info.plist */ = {isa = PBXFileReference; lastKnownFileType = text.plist.xml; path = Info.plist; sourceTree = "<group>"; };
		045266632948E89F00ECC4B7 /* SettingTableViewController.swift */ = {isa = PBXFileReference; lastKnownFileType = sourcecode.swift; path = SettingTableViewController.swift; sourceTree = "<group>"; };
		0452666B294B4E3500ECC4B7 /* AddDiaryViewController.swift */ = {isa = PBXFileReference; lastKnownFileType = sourcecode.swift; path = AddDiaryViewController.swift; sourceTree = "<group>"; };
		04B9F9EF29645CB00043BC1C /* DiaryTableViewController.swift */ = {isa = PBXFileReference; lastKnownFileType = sourcecode.swift; path = DiaryTableViewController.swift; sourceTree = "<group>"; };
		04C0D08C2950BA71001F1CD7 /* DiaryHomeViewController.swift */ = {isa = PBXFileReference; lastKnownFileType = sourcecode.swift; path = DiaryHomeViewController.swift; sourceTree = "<group>"; };
		04C0D08E2950BA85001F1CD7 /* StockRecordViewController.swift */ = {isa = PBXFileReference; lastKnownFileType = sourcecode.swift; path = StockRecordViewController.swift; sourceTree = "<group>"; };
		04C0D0902952F8EC001F1CD7 /* record.swift */ = {isa = PBXFileReference; lastKnownFileType = sourcecode.swift; path = record.swift; sourceTree = "<group>"; };
		04D1617A296598F000EB9BC9 /* AddRecordTableViewController.swift */ = {isa = PBXFileReference; lastKnownFileType = sourcecode.swift; path = AddRecordTableViewController.swift; sourceTree = "<group>"; };
		04D1617C2965A1D000EB9BC9 /* RecordTableViewCell.swift */ = {isa = PBXFileReference; lastKnownFileType = sourcecode.swift; path = RecordTableViewCell.swift; sourceTree = "<group>"; };
		04D1617F2966F85800EB9BC9 /* AddDiaryTableViewController.swift */ = {isa = PBXFileReference; lastKnownFileType = sourcecode.swift; path = AddDiaryTableViewController.swift; sourceTree = "<group>"; };
		04DA62272940C0CA00CA5B77 /* GoogleService-Info.plist */ = {isa = PBXFileReference; fileEncoding = 4; lastKnownFileType = text.plist.xml; path = "GoogleService-Info.plist"; sourceTree = "<group>"; };
		04DA62332940E2B800CA5B77 /* CalendarViewController.swift */ = {isa = PBXFileReference; lastKnownFileType = sourcecode.swift; path = CalendarViewController.swift; sourceTree = "<group>"; };
		04DEB4FD2948CBAA00F5202E /* LoginViewController.swift */ = {isa = PBXFileReference; lastKnownFileType = sourcecode.swift; path = LoginViewController.swift; sourceTree = "<group>"; };
/* End PBXFileReference section */

/* Begin PBXFrameworksBuildPhase section */
		0401BCFF29365FFE003F1CEF /* Frameworks */ = {
			isa = PBXFrameworksBuildPhase;
			buildActionMask = 2147483647;
			files = (
				04DA622C2940D75300CA5B77 /* FirebaseAnalytics in Frameworks */,
				04DA62322940D75300CA5B77 /* FirebaseStorage in Frameworks */,
				04DA622E2940D75300CA5B77 /* FirebaseAuth in Frameworks */,
				04DA62372940E32000CA5B77 /* FSCalendar in Frameworks */,
				04DA62302940D75300CA5B77 /* FirebaseFirestoreSwift in Frameworks */,
			);
			runOnlyForDeploymentPostprocessing = 0;
		};
/* End PBXFrameworksBuildPhase section */

/* Begin PBXGroup section */
		0401BCF929365FFE003F1CEF = {
			isa = PBXGroup;
			children = (
				0401BD0429365FFE003F1CEF /* diary */,
				0401BD0329365FFE003F1CEF /* Products */,
			);
			sourceTree = "<group>";
		};
		0401BD0329365FFE003F1CEF /* Products */ = {
			isa = PBXGroup;
			children = (
				0401BD0229365FFE003F1CEF /* Trading Diary.app */,
			);
			name = Products;
			sourceTree = "<group>";
		};
		0401BD0429365FFE003F1CEF /* diary */ = {
			isa = PBXGroup;
			children = (
				04DA62332940E2B800CA5B77 /* CalendarViewController.swift */,
				045266632948E89F00ECC4B7 /* SettingTableViewController.swift */,
				04C0D08E2950BA85001F1CD7 /* StockRecordViewController.swift */,
				0401BD0529365FFE003F1CEF /* AppDelegate.swift */,
				0401BD0729365FFE003F1CEF /* SceneDelegate.swift */,
				0401BD0929365FFE003F1CEF /* ViewController.swift */,
				0401BD0B29365FFE003F1CEF /* Main.storyboard */,
				0401BD0E29366000003F1CEF /* Assets.xcassets */,
				0401BD1029366000003F1CEF /* LaunchScreen.storyboard */,
				0401BD1329366000003F1CEF /* Info.plist */,
				04D1617F2966F85800EB9BC9 /* AddDiaryTableViewController.swift */,
				04D1617E2966F59000EB9BC9 /* Next Phase */,
				04B9F9EF29645CB00043BC1C /* DiaryTableViewController.swift */,
				04D1617C2965A1D000EB9BC9 /* RecordTableViewCell.swift */,
				04DA62272940C0CA00CA5B77 /* GoogleService-Info.plist */,
				04C0D0902952F8EC001F1CD7 /* record.swift */,
			);
			path = diary;
			sourceTree = "<group>";
		};
		04D1617E2966F59000EB9BC9 /* Next Phase */ = {
			isa = PBXGroup;
			children = (
				04DEB4FD2948CBAA00F5202E /* LoginViewController.swift */,
				0452666B294B4E3500ECC4B7 /* AddDiaryViewController.swift */,
				04C0D08C2950BA71001F1CD7 /* DiaryHomeViewController.swift */,
				04D1617A296598F000EB9BC9 /* AddRecordTableViewController.swift */,
			);
			path = "Next Phase";
			sourceTree = "<group>";
		};
/* End PBXGroup section */

/* Begin PBXNativeTarget section */
		0401BD0129365FFE003F1CEF /* Trading Diary */ = {
			isa = PBXNativeTarget;
			buildConfigurationList = 0401BD1629366000003F1CEF /* Build configuration list for PBXNativeTarget "Trading Diary" */;
			buildPhases = (
				0401BCFE29365FFE003F1CEF /* Sources */,
				0401BCFF29365FFE003F1CEF /* Frameworks */,
				0401BD0029365FFE003F1CEF /* Resources */,
			);
			buildRules = (
			);
			dependencies = (
			);
			name = "Trading Diary";
			packageProductDependencies = (
				04DA622B2940D75300CA5B77 /* FirebaseAnalytics */,
				04DA622D2940D75300CA5B77 /* FirebaseAuth */,
				04DA622F2940D75300CA5B77 /* FirebaseFirestoreSwift */,
				04DA62312940D75300CA5B77 /* FirebaseStorage */,
				04DA62362940E32000CA5B77 /* FSCalendar */,
			);
			productName = diary;
			productReference = 0401BD0229365FFE003F1CEF /* Trading Diary.app */;
			productType = "com.apple.product-type.application";
		};
/* End PBXNativeTarget section */

/* Begin PBXProject section */
		0401BCFA29365FFE003F1CEF /* Project object */ = {
			isa = PBXProject;
			attributes = {
				BuildIndependentTargetsInParallel = 1;
				LastSwiftUpdateCheck = 1410;
				LastUpgradeCheck = 1410;
				TargetAttributes = {
					0401BD0129365FFE003F1CEF = {
						CreatedOnToolsVersion = 14.1;
					};
				};
			};
			buildConfigurationList = 0401BCFD29365FFE003F1CEF /* Build configuration list for PBXProject "Trading Diary" */;
			compatibilityVersion = "Xcode 14.0";
			developmentRegion = en;
			hasScannedForEncodings = 0;
			knownRegions = (
				en,
				Base,
			);
			mainGroup = 0401BCF929365FFE003F1CEF;
			packageReferences = (
				04DA622A2940D75300CA5B77 /* XCRemoteSwiftPackageReference "firebase-ios-sdk" */,
				04DA62352940E32000CA5B77 /* XCRemoteSwiftPackageReference "FSCalendar" */,
			);
			productRefGroup = 0401BD0329365FFE003F1CEF /* Products */;
			projectDirPath = "";
			projectRoot = "";
			targets = (
				0401BD0129365FFE003F1CEF /* Trading Diary */,
			);
		};
/* End PBXProject section */

/* Begin PBXResourcesBuildPhase section */
		0401BD0029365FFE003F1CEF /* Resources */ = {
			isa = PBXResourcesBuildPhase;
			buildActionMask = 2147483647;
			files = (
				0401BD1229366000003F1CEF /* LaunchScreen.storyboard in Resources */,
				04DA62282940C0CB00CA5B77 /* GoogleService-Info.plist in Resources */,
				0401BD0F29366000003F1CEF /* Assets.xcassets in Resources */,
				0401BD0D29365FFE003F1CEF /* Main.storyboard in Resources */,
			);
			runOnlyForDeploymentPostprocessing = 0;
		};
/* End PBXResourcesBuildPhase section */

/* Begin PBXSourcesBuildPhase section */
		0401BCFE29365FFE003F1CEF /* Sources */ = {
			isa = PBXSourcesBuildPhase;
			buildActionMask = 2147483647;
			files = (
				045266642948E89F00ECC4B7 /* SettingTableViewController.swift in Sources */,
				04C0D08D2950BA71001F1CD7 /* DiaryHomeViewController.swift in Sources */,
				04B9F9F029645CB00043BC1C /* DiaryTableViewController.swift in Sources */,
				04DA62342940E2B800CA5B77 /* CalendarViewController.swift in Sources */,
				04D1617D2965A1D000EB9BC9 /* RecordTableViewCell.swift in Sources */,
				04D1617B296598F100EB9BC9 /* AddRecordTableViewController.swift in Sources */,
				0452666C294B4E3500ECC4B7 /* AddDiaryViewController.swift in Sources */,
				04D161802966F85800EB9BC9 /* AddDiaryTableViewController.swift in Sources */,
				04C0D08F2950BA85001F1CD7 /* StockRecordViewController.swift in Sources */,
				0401BD0A29365FFE003F1CEF /* ViewController.swift in Sources */,
				0401BD0629365FFE003F1CEF /* AppDelegate.swift in Sources */,
				04DEB4FE2948CBAA00F5202E /* LoginViewController.swift in Sources */,
				04C0D0912952F8EC001F1CD7 /* record.swift in Sources */,
				0401BD0829365FFE003F1CEF /* SceneDelegate.swift in Sources */,
			);
			runOnlyForDeploymentPostprocessing = 0;
		};
/* End PBXSourcesBuildPhase section */

/* Begin PBXVariantGroup section */
		0401BD0B29365FFE003F1CEF /* Main.storyboard */ = {
			isa = PBXVariantGroup;
			children = (
				0401BD0C29365FFE003F1CEF /* Base */,
			);
			name = Main.storyboard;
			sourceTree = "<group>";
		};
		0401BD1029366000003F1CEF /* LaunchScreen.storyboard */ = {
			isa = PBXVariantGroup;
			children = (
				0401BD1129366000003F1CEF /* Base */,
			);
			name = LaunchScreen.storyboard;
			sourceTree = "<group>";
		};
/* End PBXVariantGroup section */

/* Begin XCBuildConfiguration section */
		0401BD1429366000003F1CEF /* Debug */ = {
			isa = XCBuildConfiguration;
			buildSettings = {
				ALWAYS_SEARCH_USER_PATHS = NO;
				CLANG_ANALYZER_NONNULL = YES;
				CLANG_ANALYZER_NUMBER_OBJECT_CONVERSION = YES_AGGRESSIVE;
				CLANG_CXX_LANGUAGE_STANDARD = "gnu++20";
				CLANG_ENABLE_MODULES = YES;
				CLANG_ENABLE_OBJC_ARC = YES;
				CLANG_ENABLE_OBJC_WEAK = YES;
				CLANG_WARN_BLOCK_CAPTURE_AUTORELEASING = YES;
				CLANG_WARN_BOOL_CONVERSION = YES;
				CLANG_WARN_COMMA = YES;
				CLANG_WARN_CONSTANT_CONVERSION = YES;
				CLANG_WARN_DEPRECATED_OBJC_IMPLEMENTATIONS = YES;
				CLANG_WARN_DIRECT_OBJC_ISA_USAGE = YES_ERROR;
				CLANG_WARN_DOCUMENTATION_COMMENTS = YES;
				CLANG_WARN_EMPTY_BODY = YES;
				CLANG_WARN_ENUM_CONVERSION = YES;
				CLANG_WARN_INFINITE_RECURSION = YES;
				CLANG_WARN_INT_CONVERSION = YES;
				CLANG_WARN_NON_LITERAL_NULL_CONVERSION = YES;
				CLANG_WARN_OBJC_IMPLICIT_RETAIN_SELF = YES;
				CLANG_WARN_OBJC_LITERAL_CONVERSION = YES;
				CLANG_WARN_OBJC_ROOT_CLASS = YES_ERROR;
				CLANG_WARN_QUOTED_INCLUDE_IN_FRAMEWORK_HEADER = YES;
				CLANG_WARN_RANGE_LOOP_ANALYSIS = YES;
				CLANG_WARN_STRICT_PROTOTYPES = YES;
				CLANG_WARN_SUSPICIOUS_MOVE = YES;
				CLANG_WARN_UNGUARDED_AVAILABILITY = YES_AGGRESSIVE;
				CLANG_WARN_UNREACHABLE_CODE = YES;
				CLANG_WARN__DUPLICATE_METHOD_MATCH = YES;
				COPY_PHASE_STRIP = NO;
				DEBUG_INFORMATION_FORMAT = dwarf;
				ENABLE_STRICT_OBJC_MSGSEND = YES;
				ENABLE_TESTABILITY = YES;
				GCC_C_LANGUAGE_STANDARD = gnu11;
				GCC_DYNAMIC_NO_PIC = NO;
				GCC_NO_COMMON_BLOCKS = YES;
				GCC_OPTIMIZATION_LEVEL = 0;
				GCC_PREPROCESSOR_DEFINITIONS = (
					"DEBUG=1",
					"$(inherited)",
				);
				GCC_WARN_64_TO_32_BIT_CONVERSION = YES;
				GCC_WARN_ABOUT_RETURN_TYPE = YES_ERROR;
				GCC_WARN_UNDECLARED_SELECTOR = YES;
				GCC_WARN_UNINITIALIZED_AUTOS = YES_AGGRESSIVE;
				GCC_WARN_UNUSED_FUNCTION = YES;
				GCC_WARN_UNUSED_VARIABLE = YES;
				IPHONEOS_DEPLOYMENT_TARGET = 16.1;
				MTL_ENABLE_DEBUG_INFO = INCLUDE_SOURCE;
				MTL_FAST_MATH = YES;
				ONLY_ACTIVE_ARCH = YES;
				SDKROOT = iphoneos;
				SWIFT_ACTIVE_COMPILATION_CONDITIONS = DEBUG;
				SWIFT_OPTIMIZATION_LEVEL = "-Onone";
			};
			name = Debug;
		};
		0401BD1529366000003F1CEF /* Release */ = {
			isa = XCBuildConfiguration;
			buildSettings = {
				ALWAYS_SEARCH_USER_PATHS = NO;
				CLANG_ANALYZER_NONNULL = YES;
				CLANG_ANALYZER_NUMBER_OBJECT_CONVERSION = YES_AGGRESSIVE;
				CLANG_CXX_LANGUAGE_STANDARD = "gnu++20";
				CLANG_ENABLE_MODULES = YES;
				CLANG_ENABLE_OBJC_ARC = YES;
				CLANG_ENABLE_OBJC_WEAK = YES;
				CLANG_WARN_BLOCK_CAPTURE_AUTORELEASING = YES;
				CLANG_WARN_BOOL_CONVERSION = YES;
				CLANG_WARN_COMMA = YES;
				CLANG_WARN_CONSTANT_CONVERSION = YES;
				CLANG_WARN_DEPRECATED_OBJC_IMPLEMENTATIONS = YES;
				CLANG_WARN_DIRECT_OBJC_ISA_USAGE = YES_ERROR;
				CLANG_WARN_DOCUMENTATION_COMMENTS = YES;
				CLANG_WARN_EMPTY_BODY = YES;
				CLANG_WARN_ENUM_CONVERSION = YES;
				CLANG_WARN_INFINITE_RECURSION = YES;
				CLANG_WARN_INT_CONVERSION = YES;
				CLANG_WARN_NON_LITERAL_NULL_CONVERSION = YES;
				CLANG_WARN_OBJC_IMPLICIT_RETAIN_SELF = YES;
				CLANG_WARN_OBJC_LITERAL_CONVERSION = YES;
				CLANG_WARN_OBJC_ROOT_CLASS = YES_ERROR;
				CLANG_WARN_QUOTED_INCLUDE_IN_FRAMEWORK_HEADER = YES;
				CLANG_WARN_RANGE_LOOP_ANALYSIS = YES;
				CLANG_WARN_STRICT_PROTOTYPES = YES;
				CLANG_WARN_SUSPICIOUS_MOVE = YES;
				CLANG_WARN_UNGUARDED_AVAILABILITY = YES_AGGRESSIVE;
				CLANG_WARN_UNREACHABLE_CODE = YES;
				CLANG_WARN__DUPLICATE_METHOD_MATCH = YES;
				COPY_PHASE_STRIP = NO;
				DEBUG_INFORMATION_FORMAT = "dwarf-with-dsym";
				ENABLE_NS_ASSERTIONS = NO;
				ENABLE_STRICT_OBJC_MSGSEND = YES;
				GCC_C_LANGUAGE_STANDARD = gnu11;
				GCC_NO_COMMON_BLOCKS = YES;
				GCC_WARN_64_TO_32_BIT_CONVERSION = YES;
				GCC_WARN_ABOUT_RETURN_TYPE = YES_ERROR;
				GCC_WARN_UNDECLARED_SELECTOR = YES;
				GCC_WARN_UNINITIALIZED_AUTOS = YES_AGGRESSIVE;
				GCC_WARN_UNUSED_FUNCTION = YES;
				GCC_WARN_UNUSED_VARIABLE = YES;
				IPHONEOS_DEPLOYMENT_TARGET = 16.1;
				MTL_ENABLE_DEBUG_INFO = NO;
				MTL_FAST_MATH = YES;
				SDKROOT = iphoneos;
				SWIFT_COMPILATION_MODE = wholemodule;
				SWIFT_OPTIMIZATION_LEVEL = "-O";
				VALIDATE_PRODUCT = YES;
			};
			name = Release;
		};
		0401BD1729366000003F1CEF /* Debug */ = {
			isa = XCBuildConfiguration;
			buildSettings = {
				ASSETCATALOG_COMPILER_APPICON_NAME = AppIcon;
				ASSETCATALOG_COMPILER_GLOBAL_ACCENT_COLOR_NAME = AccentColor;
				CODE_SIGN_STYLE = Automatic;
				CURRENT_PROJECT_VERSION = 1;
				DEVELOPMENT_TEAM = H5U4CXZL45;
				GENERATE_INFOPLIST_FILE = YES;
				INFOPLIST_FILE = diary/Info.plist;
				INFOPLIST_KEY_CFBundleDisplayName = "Trading Diary";
				INFOPLIST_KEY_LSApplicationCategoryType = "public.app-category.finance";
				INFOPLIST_KEY_UIApplicationSupportsIndirectInputEvents = YES;
				INFOPLIST_KEY_UILaunchStoryboardName = LaunchScreen;
				INFOPLIST_KEY_UIMainStoryboardFile = Main;
				INFOPLIST_KEY_UISupportedInterfaceOrientations_iPad = "UIInterfaceOrientationPortrait UIInterfaceOrientationPortraitUpsideDown UIInterfaceOrientationLandscapeLeft UIInterfaceOrientationLandscapeRight";
				INFOPLIST_KEY_UISupportedInterfaceOrientations_iPhone = "UIInterfaceOrientationPortrait UIInterfaceOrientationLandscapeLeft UIInterfaceOrientationLandscapeRight";
				INFOPLIST_KEY_UIUserInterfaceStyle = Light;
				LD_RUNPATH_SEARCH_PATHS = (
					"$(inherited)",
					"@executable_path/Frameworks",
				);
				MARKETING_VERSION = 1.0;
				PRODUCT_BUNDLE_IDENTIFIER = "gary.tw.Trading-Diary";
				PRODUCT_NAME = "$(TARGET_NAME)";
				SWIFT_EMIT_LOC_STRINGS = YES;
				SWIFT_VERSION = 5.0;
				TARGETED_DEVICE_FAMILY = "1,2";
			};
			name = Debug;
		};
		0401BD1829366000003F1CEF /* Release */ = {
			isa = XCBuildConfiguration;
			buildSettings = {
				ASSETCATALOG_COMPILER_APPICON_NAME = AppIcon;
				ASSETCATALOG_COMPILER_GLOBAL_ACCENT_COLOR_NAME = AccentColor;
				CODE_SIGN_STYLE = Automatic;
				CURRENT_PROJECT_VERSION = 1;
				DEVELOPMENT_TEAM = H5U4CXZL45;
				GENERATE_INFOPLIST_FILE = YES;
				INFOPLIST_FILE = diary/Info.plist;
				INFOPLIST_KEY_CFBundleDisplayName = "Trading Diary";
				INFOPLIST_KEY_LSApplicationCategoryType = "public.app-category.finance";
				INFOPLIST_KEY_UIApplicationSupportsIndirectInputEvents = YES;
				INFOPLIST_KEY_UILaunchStoryboardName = LaunchScreen;
				INFOPLIST_KEY_UIMainStoryboardFile = Main;
				INFOPLIST_KEY_UISupportedInterfaceOrientations_iPad = "UIInterfaceOrientationPortrait UIInterfaceOrientationPortraitUpsideDown UIInterfaceOrientationLandscapeLeft UIInterfaceOrientationLandscapeRight";
				INFOPLIST_KEY_UISupportedInterfaceOrientations_iPhone = "UIInterfaceOrientationPortrait UIInterfaceOrientationLandscapeLeft UIInterfaceOrientationLandscapeRight";
				INFOPLIST_KEY_UIUserInterfaceStyle = Light;
				LD_RUNPATH_SEARCH_PATHS = (
					"$(inherited)",
					"@executable_path/Frameworks",
				);
				MARKETING_VERSION = 1.0;
				PRODUCT_BUNDLE_IDENTIFIER = "gary.tw.Trading-Diary";
				PRODUCT_NAME = "$(TARGET_NAME)";
				SWIFT_EMIT_LOC_STRINGS = YES;
				SWIFT_VERSION = 5.0;
				TARGETED_DEVICE_FAMILY = "1,2";
			};
			name = Release;
		};
/* End XCBuildConfiguration section */

/* Begin XCConfigurationList section */
		0401BCFD29365FFE003F1CEF /* Build configuration list for PBXProject "Trading Diary" */ = {
			isa = XCConfigurationList;
			buildConfigurations = (
				0401BD1429366000003F1CEF /* Debug */,
				0401BD1529366000003F1CEF /* Release */,
			);
			defaultConfigurationIsVisible = 0;
			defaultConfigurationName = Release;
		};
		0401BD1629366000003F1CEF /* Build configuration list for PBXNativeTarget "Trading Diary" */ = {
			isa = XCConfigurationList;
			buildConfigurations = (
				0401BD1729366000003F1CEF /* Debug */,
				0401BD1829366000003F1CEF /* Release */,
			);
			defaultConfigurationIsVisible = 0;
			defaultConfigurationName = Release;
		};
/* End XCConfigurationList section */

/* Begin XCRemoteSwiftPackageReference section */
		04DA622A2940D75300CA5B77 /* XCRemoteSwiftPackageReference "firebase-ios-sdk" */ = {
			isa = XCRemoteSwiftPackageReference;
			repositoryURL = "https://github.com/firebase/firebase-ios-sdk";
			requirement = {
				kind = upToNextMajorVersion;
				minimumVersion = 9.0.0;
			};
		};
		04DA62352940E32000CA5B77 /* XCRemoteSwiftPackageReference "FSCalendar" */ = {
			isa = XCRemoteSwiftPackageReference;
			repositoryURL = "https://github.com/WenchaoD/FSCalendar";
			requirement = {
				kind = upToNextMajorVersion;
				minimumVersion = 2.0.0;
			};
		};
/* End XCRemoteSwiftPackageReference section */

/* Begin XCSwiftPackageProductDependency section */
		04DA622B2940D75300CA5B77 /* FirebaseAnalytics */ = {
			isa = XCSwiftPackageProductDependency;
			package = 04DA622A2940D75300CA5B77 /* XCRemoteSwiftPackageReference "firebase-ios-sdk" */;
			productName = FirebaseAnalytics;
		};
		04DA622D2940D75300CA5B77 /* FirebaseAuth */ = {
			isa = XCSwiftPackageProductDependency;
			package = 04DA622A2940D75300CA5B77 /* XCRemoteSwiftPackageReference "firebase-ios-sdk" */;
			productName = FirebaseAuth;
		};
		04DA622F2940D75300CA5B77 /* FirebaseFirestoreSwift */ = {
			isa = XCSwiftPackageProductDependency;
			package = 04DA622A2940D75300CA5B77 /* XCRemoteSwiftPackageReference "firebase-ios-sdk" */;
			productName = FirebaseFirestoreSwift;
		};
		04DA62312940D75300CA5B77 /* FirebaseStorage */ = {
			isa = XCSwiftPackageProductDependency;
			package = 04DA622A2940D75300CA5B77 /* XCRemoteSwiftPackageReference "firebase-ios-sdk" */;
			productName = FirebaseStorage;
		};
		04DA62362940E32000CA5B77 /* FSCalendar */ = {
			isa = XCSwiftPackageProductDependency;
			package = 04DA62352940E32000CA5B77 /* XCRemoteSwiftPackageReference "FSCalendar" */;
			productName = FSCalendar;
		};
/* End XCSwiftPackageProductDependency section */
	};
	rootObject = 0401BCFA29365FFE003F1CEF /* Project object */;
}
